
Microsoft Visual Studio Solution File, Format Version 12.00
# Visual Studio Express 2013 for Windows
VisualStudioVersion = 12.0.31101.0
MinimumVisualStudioVersion = 10.0.40219.1
Project("{FAE04EC0-301F-11D3-BF4B-00C04F79EFBC}") = "Tinder4Jobs", "Tinder4Jobs.App\Tinder4Jobs.csproj", "{868485B2-2D1D-4165-ADF5-E028EB9EBC1A}"
EndProject
Project("{FAE04EC0-301F-11D3-BF4B-00C04F79EFBC}") = "Tinder4Jobs.Library", "Tinder4Jobs.Library\Tinder4Jobs.Library.csproj", "{AF41DC90-23B2-4240-839D-5C338C2D8B0F}"
EndProject
Global
	GlobalSection(SolutionConfigurationPlatforms) = preSolution
		Debug|Any CPU = Debug|Any CPU
		Debug|ARM = Debug|ARM
		Debug|x86 = Debug|x86
		Release|Any CPU = Release|Any CPU
		Release|ARM = Release|ARM
		Release|x86 = Release|x86
	EndGlobalSection
	GlobalSection(ProjectConfigurationPlatforms) = postSolution
		{868485B2-2D1D-4165-ADF5-E028EB9EBC1A}.Debug|Any CPU.ActiveCfg = Debug|x86
		{868485B2-2D1D-4165-ADF5-E028EB9EBC1A}.Debug|Any CPU.Build.0 = Debug|x86
		{868485B2-2D1D-4165-ADF5-E028EB9EBC1A}.Debug|Any CPU.Deploy.0 = Debug|x86
		{868485B2-2D1D-4165-ADF5-E028EB9EBC1A}.Debug|ARM.ActiveCfg = Debug|ARM
		{868485B2-2D1D-4165-ADF5-E028EB9EBC1A}.Debug|ARM.Build.0 = Debug|ARM
		{868485B2-2D1D-4165-ADF5-E028EB9EBC1A}.Debug|ARM.Deploy.0 = Debug|ARM
		{868485B2-2D1D-4165-ADF5-E028EB9EBC1A}.Debug|x86.ActiveCfg = Debug|x86
		{868485B2-2D1D-4165-ADF5-E028EB9EBC1A}.Debug|x86.Build.0 = Debug|x86
		{868485B2-2D1D-4165-ADF5-E028EB9EBC1A}.Debug|x86.Deploy.0 = Debug|x86
		{868485B2-2D1D-4165-ADF5-E028EB9EBC1A}.Release|Any CPU.ActiveCfg = Release|Any CPU
		{868485B2-2D1D-4165-ADF5-E028EB9EBC1A}.Release|Any CPU.Build.0 = Release|Any CPU
		{868485B2-2D1D-4165-ADF5-E028EB9EBC1A}.Release|Any CPU.Deploy.0 = Release|Any CPU
		{868485B2-2D1D-4165-ADF5-E028EB9EBC1A}.Release|ARM.ActiveCfg = Release|ARM
		{868485B2-2D1D-4165-ADF5-E028EB9EBC1A}.Release|ARM.Build.0 = Release|ARM
		{868485B2-2D1D-4165-ADF5-E028EB9EBC1A}.Release|ARM.Deploy.0 = Release|ARM
		{868485B2-2D1D-4165-ADF5-E028EB9EBC1A}.Release|x86.ActiveCfg = Release|x86
		{868485B2-2D1D-4165-ADF5-E028EB9EBC1A}.Release|x86.Build.0 = Release|x86
		{868485B2-2D1D-4165-ADF5-E028EB9EBC1A}.Release|x86.Deploy.0 = Release|x86
		{AF41DC90-23B2-4240-839D-5C338C2D8B0F}.Debug|Any CPU.ActiveCfg = Debug|x86
		{AF41DC90-23B2-4240-839D-5C338C2D8B0F}.Debug|Any CPU.Build.0 = Debug|x86
		{AF41DC90-23B2-4240-839D-5C338C2D8B0F}.Debug|ARM.ActiveCfg = Debug|ARM
		{AF41DC90-23B2-4240-839D-5C338C2D8B0F}.Debug|ARM.Build.0 = Debug|ARM
		{AF41DC90-23B2-4240-839D-5C338C2D8B0F}.Debug|x86.ActiveCfg = Debug|x86
		{AF41DC90-23B2-4240-839D-5C338C2D8B0F}.Debug|x86.Build.0 = Debug|x86
		{AF41DC90-23B2-4240-839D-5C338C2D8B0F}.Release|Any CPU.ActiveCfg = Release|Any CPU
		{AF41DC90-23B2-4240-839D-5C338C2D8B0F}.Release|Any CPU.Build.0 = Release|Any CPU
		{AF41DC90-23B2-4240-839D-5C338C2D8B0F}.Release|ARM.ActiveCfg = Release|ARM
		{AF41DC90-23B2-4240-839D-5C338C2D8B0F}.Release|ARM.Build.0 = Release|ARM
		{AF41DC90-23B2-4240-839D-5C338C2D8B0F}.Release|x86.ActiveCfg = Release|x86
		{AF41DC90-23B2-4240-839D-5C338C2D8B0F}.Release|x86.Build.0 = Release|x86
	EndGlobalSection
	GlobalSection(SolutionProperties) = preSolution
		HideSolutionNode = FALSE
	EndGlobalSection
EndGlobal
